{
    "_readme": [
        "This file locks the dependencies of your project to a known state",
        "Read more about it at https://getcomposer.org/doc/01-basic-usage.md#composer-lock-the-lock-file",
        "This file is @generated automatically"
    ],
    "hash": "8a85651b5c0af703c78cbf381a122009",
    "content-hash": "431fd2c44512955af533dd9e3b3c8af0",
    "packages": [
        {
            "name": "beberlei/assert",
            "version": "v2.7.4",
            "source": {
                "type": "git",
                "url": "https://github.com/beberlei/assert.git",
                "reference": "3ee3bc468a3ce4bbfc3d74f53c6cdb5242d39d1a"
            },
            "dist": {
                "type": "zip",
                "url": "https://api.github.com/repos/beberlei/assert/zipball/3ee3bc468a3ce4bbfc3d74f53c6cdb5242d39d1a",
                "reference": "3ee3bc468a3ce4bbfc3d74f53c6cdb5242d39d1a",
                "shasum": ""
            },
            "require": {
                "ext-mbstring": "*",
                "php": ">=5.3"
            },
            "require-dev": {
                "friendsofphp/php-cs-fixer": "^2.1.1",
                "phpunit/phpunit": "^4|^5"
            },
            "type": "library",
            "autoload": {
                "psr-4": {
                    "Assert\\": "lib/Assert"
                },
                "files": [
                    "lib/Assert/functions.php"
                ]
            },
            "notification-url": "https://packagist.org/downloads/",
            "license": [
                "BSD-2-Clause"
            ],
            "authors": [
                {
                    "name": "Benjamin Eberlei",
                    "email": "kontakt@beberlei.de",
                    "role": "Lead Developer"
                },
                {
                    "name": "Richard Quadling",
                    "email": "rquadling@gmail.com",
                    "role": "Collaborator"
                }
            ],
            "description": "Thin assertion library for input validation in business models.",
            "keywords": [
                "assert",
                "assertion",
                "validation"
            ],
            "time": "2017-03-14 18:06:52"
        },
        {
            "name": "broadway/broadway",
            "version": "1.0.0",
            "source": {
                "type": "git",
                "url": "https://github.com/broadway/broadway.git",
                "reference": "02e0d40335df855f5f0648a95751c48dd35003af"
            },
            "dist": {
                "type": "zip",
                "url": "https://api.github.com/repos/broadway/broadway/zipball/02e0d40335df855f5f0648a95751c48dd35003af",
                "reference": "02e0d40335df855f5f0648a95751c48dd35003af",
                "shasum": ""
            },
            "require": {
                "beberlei/assert": "~2.0",
                "broadway/uuid-generator": "~0.4.0",
                "php": ">=5.5.9"
            },
            "require-dev": {
                "instaclick/base-test-bundle": "~0.5",
                "monolog/monolog": "~1.8",
                "phpunit/phpunit": "^4.8",
                "ramsey/uuid": "^3.0"
            },
            "suggest": {
                "broadway/broadway-bundle": "Symfony bundle for broadway/broadway",
                "broadway/broadway-saga": "Saga component for Broadway",
                "broadway/event-store-dbal": "Event store implementation using doctrine/dbal",
                "broadway/read-model-elasticsearch": "Elasticsearch read model implementation",
                "psr/log-implementation": "Implementation for PSR3, LoggerInterface"
            },
            "type": "library",
            "extra": {
                "branch-alias": {
                    "dev-master": "1.0.x-dev"
                }
            },
            "autoload": {
                "psr-0": {
                    "Broadway\\": "src/"
                }
            },
            "notification-url": "https://packagist.org/downloads/",
            "license": [
                "MIT"
            ],
            "authors": [
                {
                    "name": "othillo",
                    "email": "othillo@othillo.nl"
                },
                {
                    "name": "Alexander",
                    "email": "iam.asm89@gmail.com"
                },
                {
                    "name": "Qandidate.com",
                    "homepage": "http://labs.qandidate.com/"
                },
                {
                    "name": "Willem-Jan",
                    "email": "wjzijderveld@gmail.com"
                },
                {
                    "name": "Emil",
                    "email": "emil@broekmeulen.com"
                },
                {
                    "name": "Fritsjan",
                    "email": "fritsjan@qandidate.com"
                }
            ],
            "description": "Infrastructure and testing helpers for creating CQRS and event sourced applications.",
            "keywords": [
                "cqrs",
                "ddd",
                "domain-driven design",
                "event sourcing"
            ],
            "time": "2017-03-06 11:33:17"
        },
        {
            "name": "broadway/uuid-generator",
            "version": "0.4.0",
            "source": {
                "type": "git",
                "url": "https://github.com/broadway/broadway-uuid-generator.git",
                "reference": "3c5307e62975113d370d18d36c9fcd792b21032a"
            },
            "dist": {
                "type": "zip",
                "url": "https://api.github.com/repos/broadway/broadway-uuid-generator/zipball/3c5307e62975113d370d18d36c9fcd792b21032a",
                "reference": "3c5307e62975113d370d18d36c9fcd792b21032a",
                "shasum": ""
            },
            "require": {
                "php": ">=5.5.9"
            },
            "require-dev": {
                "phpunit/phpunit": "^4.8",
                "ramsey/uuid": "^3.0"
            },
            "suggest": {
                "ramsey/uuid": "Allows creating UUIDs"
            },
            "type": "library",
            "autoload": {
                "psr-4": {
                    "Broadway\\UuidGenerator\\": "src/Broadway/UuidGenerator"
                }
            },
            "notification-url": "https://packagist.org/downloads/",
            "license": [
                "MIT"
            ],
            "description": "UUID generator for broadway/broadway.",
            "time": "2016-12-14 10:47:27"
        },
        {
            "name": "paragonie/random_compat",
            "version": "v2.0.10",
            "source": {
                "type": "git",
                "url": "https://github.com/paragonie/random_compat.git",
                "reference": "634bae8e911eefa89c1abfbf1b66da679ac8f54d"
            },
            "dist": {
                "type": "zip",
                "url": "https://api.github.com/repos/paragonie/random_compat/zipball/634bae8e911eefa89c1abfbf1b66da679ac8f54d",
                "reference": "634bae8e911eefa89c1abfbf1b66da679ac8f54d",
                "shasum": ""
            },
            "require": {
                "php": ">=5.2.0"
            },
            "require-dev": {
                "phpunit/phpunit": "4.*|5.*"
            },
            "suggest": {
                "ext-libsodium": "Provides a modern crypto API that can be used to generate random bytes."
            },
            "type": "library",
            "autoload": {
                "files": [
                    "lib/random.php"
                ]
            },
            "notification-url": "https://packagist.org/downloads/",
            "license": [
                "MIT"
            ],
            "authors": [
                {
                    "name": "Paragon Initiative Enterprises",
                    "email": "security@paragonie.com",
                    "homepage": "https://paragonie.com"
                }
            ],
            "description": "PHP 5.x polyfill for random_bytes() and random_int() from PHP 7",
            "keywords": [
                "csprng",
                "pseudorandom",
                "random"
            ],
            "time": "2017-03-13 16:27:32"
        },
        {
            "name": "ramsey/uuid",
            "version": "3.6.0",
            "source": {
                "type": "git",
                "url": "https://github.com/ramsey/uuid.git",
                "reference": "0b7bdfb180e72c8d76e75a649ced67e392201458"
            },
            "dist": {
                "type": "zip",
                "url": "https://api.github.com/repos/ramsey/uuid/zipball/0b7bdfb180e72c8d76e75a649ced67e392201458",
                "reference": "0b7bdfb180e72c8d76e75a649ced67e392201458",
                "shasum": ""
            },
            "require": {
                "paragonie/random_compat": "^1.0|^2.0",
                "php": "^5.4 || ^7.0"
            },
            "replace": {
                "rhumsaa/uuid": "self.version"
            },
            "require-dev": {
                "apigen/apigen": "^4.1",
                "codeception/aspect-mock": "1.0.0",
                "doctrine/annotations": "~1.2.0",
                "goaop/framework": "1.0.0-alpha.2",
                "ircmaxell/random-lib": "^1.1",
                "jakub-onderka/php-parallel-lint": "^0.9.0",
                "mockery/mockery": "^0.9.4",
                "moontoast/math": "^1.1",
                "php-mock/php-mock-phpunit": "^0.3|^1.1",
                "phpunit/phpunit": "^4.7|>=5.0 <5.4",
                "satooshi/php-coveralls": "^0.6.1",
                "squizlabs/php_codesniffer": "^2.3"
            },
            "suggest": {
                "ext-libsodium": "Provides the PECL libsodium extension for use with the SodiumRandomGenerator",
                "ext-uuid": "Provides the PECL UUID extension for use with the PeclUuidTimeGenerator and PeclUuidRandomGenerator",
                "ircmaxell/random-lib": "Provides RandomLib for use with the RandomLibAdapter",
                "moontoast/math": "Provides support for converting UUID to 128-bit integer (in string form).",
                "ramsey/uuid-console": "A console application for generating UUIDs with ramsey/uuid",
                "ramsey/uuid-doctrine": "Allows the use of Ramsey\\Uuid\\Uuid as Doctrine field type."
            },
            "type": "library",
            "extra": {
                "branch-alias": {
                    "dev-master": "3.x-dev"
                }
            },
            "autoload": {
                "psr-4": {
                    "Ramsey\\Uuid\\": "src/"
                }
            },
            "notification-url": "https://packagist.org/downloads/",
            "license": [
                "MIT"
            ],
            "authors": [
                {
                    "name": "Marijn Huizendveld",
                    "email": "marijn.huizendveld@gmail.com"
                },
                {
                    "name": "Thibaud Fabre",
                    "email": "thibaud@aztech.io"
                },
                {
                    "name": "Ben Ramsey",
                    "email": "ben@benramsey.com",
                    "homepage": "https://benramsey.com"
                }
            ],
            "description": "Formerly rhumsaa/uuid. A PHP 5.4+ library for generating RFC 4122 version 1, 3, 4, and 5 universally unique identifiers (UUID).",
            "homepage": "https://github.com/ramsey/uuid",
            "keywords": [
                "guid",
                "identifier",
                "uuid"
            ],
            "time": "2017-03-18 15:38:09"
        }
    ],
    "packages-dev": [],
    "aliases": [],
    "minimum-stability": "stable",
    "stability-flags": [],
    "prefer-stable": false,
    "prefer-lowest": false,
    "platform": [],
    "platform-dev": []
}
